
Microsoft Visual Studio Solution File, Format Version 12.00
# Visual Studio 14
VisualStudioVersion = 14.0.24720.0
MinimumVisualStudioVersion = 10.0.40219.1
Project("{FAE04EC0-301F-11D3-BF4B-00C04F79EFBC}") = "DataStructuresReamp", "DataStructuresReamp\DataStructuresReamp.csproj", "{A6EEA920-06AE-4931-A380-36CE786507D0}"
EndProject
Project("{FAE04EC0-301F-11D3-BF4B-00C04F79EFBC}") = "DataStructuresReamp.LinkedList", "DataStructuresReamp.Common\DataStructuresReamp.LinkedList.csproj", "{847CF426-7A11-4A01-A304-E3632E337966}"
EndProject
Project("{FAE04EC0-301F-11D3-BF4B-00C04F79EFBC}") = "DataStructuresReamp.DoublyLinkedList", "DataStructuresReamp.DoublyLinkedList\DataStructuresReamp.DoublyLinkedList.csproj", "{41C95329-0450-4044-99E7-BEE891BCA964}"
EndProject
Project("{FAE04EC0-301F-11D3-BF4B-00C04F79EFBC}") = "DataStructuresReamp.BinarySearchTree", "DataStructuresReamp.BinarySearchTree\DataStructuresReamp.BinarySearchTree.csproj", "{A03B2AFD-024E-40C6-9CE9-704D975E04FE}"
EndProject
Global
	GlobalSection(SolutionConfigurationPlatforms) = preSolution
		Debug|Any CPU = Debug|Any CPU
		Release|Any CPU = Release|Any CPU
	EndGlobalSection
	GlobalSection(ProjectConfigurationPlatforms) = postSolution
		{A6EEA920-06AE-4931-A380-36CE786507D0}.Debug|Any CPU.ActiveCfg = Debug|Any CPU
		{A6EEA920-06AE-4931-A380-36CE786507D0}.Debug|Any CPU.Build.0 = Debug|Any CPU
		{A6EEA920-06AE-4931-A380-36CE786507D0}.Release|Any CPU.ActiveCfg = Release|Any CPU
		{A6EEA920-06AE-4931-A380-36CE786507D0}.Release|Any CPU.Build.0 = Release|Any CPU
		{847CF426-7A11-4A01-A304-E3632E337966}.Debug|Any CPU.ActiveCfg = Debug|Any CPU
		{847CF426-7A11-4A01-A304-E3632E337966}.Debug|Any CPU.Build.0 = Debug|Any CPU
		{847CF426-7A11-4A01-A304-E3632E337966}.Release|Any CPU.ActiveCfg = Release|Any CPU
		{847CF426-7A11-4A01-A304-E3632E337966}.Release|Any CPU.Build.0 = Release|Any CPU
		{41C95329-0450-4044-99E7-BEE891BCA964}.Debug|Any CPU.ActiveCfg = Debug|Any CPU
		{41C95329-0450-4044-99E7-BEE891BCA964}.Debug|Any CPU.Build.0 = Debug|Any CPU
		{41C95329-0450-4044-99E7-BEE891BCA964}.Release|Any CPU.ActiveCfg = Release|Any CPU
		{41C95329-0450-4044-99E7-BEE891BCA964}.Release|Any CPU.Build.0 = Release|Any CPU
		{A03B2AFD-024E-40C6-9CE9-704D975E04FE}.Debug|Any CPU.ActiveCfg = Debug|Any CPU
		{A03B2AFD-024E-40C6-9CE9-704D975E04FE}.Debug|Any CPU.Build.0 = Debug|Any CPU
		{A03B2AFD-024E-40C6-9CE9-704D975E04FE}.Release|Any CPU.ActiveCfg = Release|Any CPU
		{A03B2AFD-024E-40C6-9CE9-704D975E04FE}.Release|Any CPU.Build.0 = Release|Any CPU
	EndGlobalSection
	GlobalSection(SolutionProperties) = preSolution
		HideSolutionNode = FALSE
	EndGlobalSection
EndGlobal
